
Microsoft Visual Studio Solution File, Format Version 12.00
# Visual Studio Version 17
VisualStudioVersion = 17.13.35818.85 d17.13
MinimumVisualStudioVersion = 10.0.40219.1
Project("{FAE04EC0-301F-11D3-BF4B-00C04F79EFBC}") = "PL", "PL\PL.csproj", "{01717696-F16A-4BFE-80AF-DD61D3BBA923}"
EndProject
Project("{FAE04EC0-301F-11D3-BF4B-00C04F79EFBC}") = "BL", "BL\BL.csproj", "{6D9BBFBA-280B-45E9-8442-D958C66EB60A}"
EndProject
Project("{FAE04EC0-301F-11D3-BF4B-00C04F79EFBC}") = "ML", "ML\ML.csproj", "{7DE29036-F2CF-41D6-B4B3-D7CDD955AC8D}"
EndProject
Project("{FAE04EC0-301F-11D3-BF4B-00C04F79EFBC}") = "DL", "DL\DL.csproj", "{73A941BF-8845-4CEC-B811-4FA8DB844781}"
EndProject
Project("{FAE04EC0-301F-11D3-BF4B-00C04F79EFBC}") = "SL", "SL\SL.csproj", "{09B06217-D091-4770-83FB-328C8C505547}"
EndProject
Global
	GlobalSection(SolutionConfigurationPlatforms) = preSolution
		Debug|Any CPU = Debug|Any CPU
		Release|Any CPU = Release|Any CPU
	EndGlobalSection
	GlobalSection(ProjectConfigurationPlatforms) = postSolution
		{01717696-F16A-4BFE-80AF-DD61D3BBA923}.Debug|Any CPU.ActiveCfg = Debug|Any CPU
		{01717696-F16A-4BFE-80AF-DD61D3BBA923}.Debug|Any CPU.Build.0 = Debug|Any CPU
		{01717696-F16A-4BFE-80AF-DD61D3BBA923}.Release|Any CPU.ActiveCfg = Release|Any CPU
		{01717696-F16A-4BFE-80AF-DD61D3BBA923}.Release|Any CPU.Build.0 = Release|Any CPU
		{6D9BBFBA-280B-45E9-8442-D958C66EB60A}.Debug|Any CPU.ActiveCfg = Debug|Any CPU
		{6D9BBFBA-280B-45E9-8442-D958C66EB60A}.Debug|Any CPU.Build.0 = Debug|Any CPU
		{6D9BBFBA-280B-45E9-8442-D958C66EB60A}.Release|Any CPU.ActiveCfg = Release|Any CPU
		{6D9BBFBA-280B-45E9-8442-D958C66EB60A}.Release|Any CPU.Build.0 = Release|Any CPU
		{7DE29036-F2CF-41D6-B4B3-D7CDD955AC8D}.Debug|Any CPU.ActiveCfg = Debug|Any CPU
		{7DE29036-F2CF-41D6-B4B3-D7CDD955AC8D}.Debug|Any CPU.Build.0 = Debug|Any CPU
		{7DE29036-F2CF-41D6-B4B3-D7CDD955AC8D}.Release|Any CPU.ActiveCfg = Release|Any CPU
		{7DE29036-F2CF-41D6-B4B3-D7CDD955AC8D}.Release|Any CPU.Build.0 = Release|Any CPU
		{73A941BF-8845-4CEC-B811-4FA8DB844781}.Debug|Any CPU.ActiveCfg = Debug|Any CPU
		{73A941BF-8845-4CEC-B811-4FA8DB844781}.Debug|Any CPU.Build.0 = Debug|Any CPU
		{73A941BF-8845-4CEC-B811-4FA8DB844781}.Release|Any CPU.ActiveCfg = Release|Any CPU
		{73A941BF-8845-4CEC-B811-4FA8DB844781}.Release|Any CPU.Build.0 = Release|Any CPU
		{09B06217-D091-4770-83FB-328C8C505547}.Debug|Any CPU.ActiveCfg = Debug|Any CPU
		{09B06217-D091-4770-83FB-328C8C505547}.Debug|Any CPU.Build.0 = Debug|Any CPU
		{09B06217-D091-4770-83FB-328C8C505547}.Release|Any CPU.ActiveCfg = Release|Any CPU
		{09B06217-D091-4770-83FB-328C8C505547}.Release|Any CPU.Build.0 = Release|Any CPU
	EndGlobalSection
	GlobalSection(SolutionProperties) = preSolution
		HideSolutionNode = FALSE
	EndGlobalSection
	GlobalSection(ExtensibilityGlobals) = postSolution
		SolutionGuid = {BA23C5E8-B70F-4117-9DCD-D782E0E922C3}
	EndGlobalSection
EndGlobal
